
Microsoft Visual Studio Solution File, Format Version 12.00
# Visual Studio Version 17
VisualStudioVersion = 17.8.34309.116
MinimumVisualStudioVersion = 10.0.40219.1
Project("{FAE04EC0-301F-11D3-BF4B-00C04F79EFBC}") = "MSIProject", "MSIProject.csproj", "{D283CB67-58C4-4CA6-B13C-8F1860286987}"
EndProject
Global
	GlobalSection(SolutionConfigurationPlatforms) = preSolution
		Debug|Any CPU = Debug|Any CPU
		Release|Any CPU = Release|Any CPU
	EndGlobalSection
	GlobalSection(ProjectConfigurationPlatforms) = postSolution
		{D283CB67-58C4-4CA6-B13C-8F1860286987}.Debug|Any CPU.ActiveCfg = Debug|Any CPU
		{D283CB67-58C4-4CA6-B13C-8F1860286987}.Debug|Any CPU.Build.0 = Debug|Any CPU
		{D283CB67-58C4-4CA6-B13C-8F1860286987}.Release|Any CPU.ActiveCfg = Release|Any CPU
		{D283CB67-58C4-4CA6-B13C-8F1860286987}.Release|Any CPU.Build.0 = Release|Any CPU
	EndGlobalSection
	GlobalSection(SolutionProperties) = preSolution
		HideSolutionNode = FALSE
	EndGlobalSection
	GlobalSection(ExtensibilityGlobals) = postSolution
		SolutionGuid = {72F3C25C-14F6-4F1C-A3FD-880B94BFBCFD}
	EndGlobalSection
EndGlobal
